<?xml version="1.0" encoding="utf-8"?>
<Project ToolsVersion="4.0" xmlns="http://schemas.microsoft.com/developer/msbuild/2003">
  <ItemGroup>
    <Filter Include="Source Files">
      <UniqueIdentifier>{4FC737F1-C7A5-4376-A066-2A32D752A2FF}</UniqueIdentifier>
      <Extensions>cpp;c;cc;cxx;c++;cppm;ixx;def;odl;idl;hpj;bat;asm;asmx</Extensions>
    </Filter>
    <Filter Include="Header Files">
      <UniqueIdentifier>{93995380-89BD-4b04-88EB-625FBE52EBFB}</UniqueIdentifier>
      <Extensions>h;hh;hpp;hxx;h++;hm;inl;inc;ipp;xsd</Extensions>
    </Filter>
    <Filter Include="Resource Files">
      <UniqueIdentifier>{67DA6AB6-F800-4c08-8B7A-83BB121AAD01}</UniqueIdentifier>
      <Extensions>rc;ico;cur;bmp;dlg;rc2;rct;bin;rgs;gif;jpg;jpeg;jpe;resx;tiff;tif;png;wav;mfcribbon-ms</Extensions>
    </Filter>
    <Filter Include="Flatbuffer schemes">
      <UniqueIdentifier>{b1650453-5bc8-4fa5-8e05-1c936aab5966}</UniqueIdentifier>
    </Filter>
    <Filter Include="Generated flatbuffer files">
      <UniqueIdentifier>{872a832b-e921-4ee4-83ef-ecb312f1538d}</UniqueIdentifier>
    </Filter>
  </ItemGroup>
  <ItemGroup>
    <ClCompile Include="SharedMemory.cpp">
      <Filter>Source Files</Filter>
    </ClCompile>
    <ClCompile Include="SharedMemoryLock.cpp">
      <Filter>Source Files</Filter>
    </ClCompile>
    <ClCompile Include="ConnectionManager.cpp">
      <Filter>Source Files</Filter>
    </ClCompile>
    <ClCompile Include="main.cpp" />
    <ClCompile Include="UpdateOptionsManager.cpp">
      <Filter>Source Files</Filter>
    </ClCompile>
    <ClCompile Include="ControlStatesManager.cpp">
      <Filter>Source Files</Filter>
    </ClCompile>
  </ItemGroup>
  <ItemGroup>
    <ClInclude Include="SharedMemory.h">
      <Filter>Header Files</Filter>
    </ClInclude>
    <ClInclude Include="SharedMemoryLock.h">
      <Filter>Header Files</Filter>
    </ClInclude>
    <ClInclude Include="ConnectionManager.h">
      <Filter>Header Files</Filter>
    </ClInclude>
    <ClInclude Include="connections_generated.h">
      <Filter>Generated flatbuffer files</Filter>
    </ClInclude>
    <ClInclude Include="GWIPC.h" />
    <ClInclude Include="clientData_generated.h">
      <Filter>Generated flatbuffer files</Filter>
    </ClInclude>
    <ClInclude Include="update_options_generated.h">
      <Filter>Generated flatbuffer files</Filter>
    </ClInclude>
    <ClInclude Include="UpdateOptionsManager.h">
      <Filter>Header Files</Filter>
    </ClInclude>
    <ClInclude Include="nav_mesh.fbs">
      <Filter>Flatbuffer schemes</Filter>
    </ClInclude>
    <ClInclude Include="nav_mesh_generated.h">
      <Filter>Generated flatbuffer files</Filter>
    </ClInclude>
    <ClInclude Include="control_states_generated.h">
      <Filter>Generated flatbuffer files</Filter>
    </ClInclude>
    <ClInclude Include="ControlStatesManager.h">
      <Filter>Header Files</Filter>
    </ClInclude>
  </ItemGroup>
  <ItemGroup>
    <None Include="connections.fbs">
      <Filter>Flatbuffer schemes</Filter>
    </None>
    <None Include="clientData.fbs">
      <Filter>Flatbuffer schemes</Filter>
    </None>
    <None Include="update_options.fbs">
      <Filter>Flatbuffer schemes</Filter>
    </None>
    <None Include="control_states.fbs">
      <Filter>Flatbuffer schemes</Filter>
    </None>
  </ItemGroup>
</Project>